
Microsoft Visual Studio Solution File, Format Version 12.00
# Visual Studio 15
VisualStudioVersion = 15.0.28307.136
MinimumVisualStudioVersion = 10.0.40219.1
Project("{FAE04EC0-301F-11D3-BF4B-00C04F79EFBC}") = "BlueJayDesign", "BlueJayDesign\BlueJayDesign.csproj", "{7FBC0BAF-C851-4E00-9AED-49E4ECC55E6B}"
EndProject
Global
	GlobalSection(SolutionConfigurationPlatforms) = preSolution
		Debug|Any CPU = Debug|Any CPU
		Release|Any CPU = Release|Any CPU
	EndGlobalSection
	GlobalSection(ProjectConfigurationPlatforms) = postSolution
		{7FBC0BAF-C851-4E00-9AED-49E4ECC55E6B}.Debug|Any CPU.ActiveCfg = Debug|Any CPU
		{7FBC0BAF-C851-4E00-9AED-49E4ECC55E6B}.Debug|Any CPU.Build.0 = Debug|Any CPU
		{7FBC0BAF-C851-4E00-9AED-49E4ECC55E6B}.Release|Any CPU.ActiveCfg = Release|Any CPU
		{7FBC0BAF-C851-4E00-9AED-49E4ECC55E6B}.Release|Any CPU.Build.0 = Release|Any CPU
	EndGlobalSection
	GlobalSection(SolutionProperties) = preSolution
		HideSolutionNode = FALSE
	EndGlobalSection
	GlobalSection(ExtensibilityGlobals) = postSolution
		SolutionGuid = {7F2A574D-9CD4-4537-82C2-9B3DB9191CBA}
	EndGlobalSection
EndGlobal
